
Microsoft Visual Studio Solution File, Format Version 12.00
# Visual Studio Version 17
VisualStudioVersion = 17.5.002.0
MinimumVisualStudioVersion = 10.0.40219.1
Project("{9A19103F-16F7-4668-BE54-9A1E7A4F7556}") = "Cowsay", "Cowsay\Cowsay.csproj", "{6A03A216-63AA-4CDF-8E5C-8FE90E800774}"
EndProject
Global
	GlobalSection(SolutionConfigurationPlatforms) = preSolution
		Debug|Any CPU = Debug|Any CPU
		Release|Any CPU = Release|Any CPU
	EndGlobalSection
	GlobalSection(ProjectConfigurationPlatforms) = postSolution
		{6A03A216-63AA-4CDF-8E5C-8FE90E800774}.Debug|Any CPU.ActiveCfg = Debug|Any CPU
		{6A03A216-63AA-4CDF-8E5C-8FE90E800774}.Debug|Any CPU.Build.0 = Debug|Any CPU
		{6A03A216-63AA-4CDF-8E5C-8FE90E800774}.Release|Any CPU.ActiveCfg = Release|Any CPU
		{6A03A216-63AA-4CDF-8E5C-8FE90E800774}.Release|Any CPU.Build.0 = Release|Any CPU
	EndGlobalSection
	GlobalSection(SolutionProperties) = preSolution
		HideSolutionNode = FALSE
	EndGlobalSection
	GlobalSection(ExtensibilityGlobals) = postSolution
		SolutionGuid = {CF6FAB4E-226A-4BFA-AA06-B9E5B746191A}
	EndGlobalSection
EndGlobal
